// !$*UTF8*$!
{
	archiveVersion = 1;
	classes = {
	};
	objectVersion = 55;
	objects = {

/* Begin PBXBuildFile section */
		32A2320BA5B27E4669F8DCD8 /* Pods_CocoaPodsAppTests.framework in Frameworks */ = {isa = PBXBuildFile; fileRef = 3A250341CF97D2844FABC69D /* Pods_CocoaPodsAppTests.framework */; };
		35A0243527C2BDDC0088D452 /* AppDelegate.swift in Sources */ = {isa = PBXBuildFile; fileRef = 35A0243427C2BDDC0088D452 /* AppDelegate.swift */; };
		35A0243727C2BDDC0088D452 /* SceneDelegate.swift in Sources */ = {isa = PBXBuildFile; fileRef = 35A0243627C2BDDC0088D452 /* SceneDelegate.swift */; };
		35A0243927C2BDDC0088D452 /* ViewController.swift in Sources */ = {isa = PBXBuildFile; fileRef = 35A0243827C2BDDC0088D452 /* ViewController.swift */; };
		35A0243C27C2BDDC0088D452 /* Main.storyboard in Resources */ = {isa = PBXBuildFile; fileRef = 35A0243A27C2BDDC0088D452 /* Main.storyboard */; };
		35A0243E27C2BDDE0088D452 /* Assets.xcassets in Resources */ = {isa = PBXBuildFile; fileRef = 35A0243D27C2BDDE0088D452 /* Assets.xcassets */; };
		35A0244127C2BDDE0088D452 /* LaunchScreen.storyboard in Resources */ = {isa = PBXBuildFile; fileRef = 35A0243F27C2BDDE0088D452 /* LaunchScreen.storyboard */; };
		35A0244C27C2BDDE0088D452 /* CocoaPodsAppTests.swift in Sources */ = {isa = PBXBuildFile; fileRef = 35A0244B27C2BDDE0088D452 /* CocoaPodsAppTests.swift */; };
		35A0245627C2BDDE0088D452 /* CocoaPodsAppUITests.swift in Sources */ = {isa = PBXBuildFile; fileRef = 35A0245527C2BDDE0088D452 /* CocoaPodsAppUITests.swift */; };
		35A0245827C2BDDE0088D452 /* CocoaPodsAppUITestsLaunchTests.swift in Sources */ = {isa = PBXBuildFile; fileRef = 35A0245727C2BDDE0088D452 /* CocoaPodsAppUITestsLaunchTests.swift */; };
		5AF360494ECAFCE3B887697D /* Pods_CocoaPodsApp_CocoaPodsAppUITests.framework in Frameworks */ = {isa = PBXBuildFile; fileRef = 96F11070012510F910E08333 /* Pods_CocoaPodsApp_CocoaPodsAppUITests.framework */; };
		BCA039DD3E90A92B2895A4B0 /* Pods_CocoaPodsApp.framework in Frameworks */ = {isa = PBXBuildFile; fileRef = A70266286E3FDF6DE5B08572 /* Pods_CocoaPodsApp.framework */; };
/* End PBXBuildFile section */

/* Begin PBXContainerItemProxy section */
		35A0244827C2BDDE0088D452 /* PBXContainerItemProxy */ = {
			isa = PBXContainerItemProxy;
			containerPortal = 35A0242927C2BDDC0088D452 /* Project object */;
			proxyType = 1;
			remoteGlobalIDString = 35A0243027C2BDDC0088D452;
			remoteInfo = CocoaPodsApp;
		};
		35A0245227C2BDDE0088D452 /* PBXContainerItemProxy */ = {
			isa = PBXContainerItemProxy;
			containerPortal = 35A0242927C2BDDC0088D452 /* Project object */;
			proxyType = 1;
			remoteGlobalIDString = 35A0243027C2BDDC0088D452;
			remoteInfo = CocoaPodsApp;
		};
/* End PBXContainerItemProxy section */

/* Begin PBXFileReference section */
		2F8B92A25A5D86B735BACC8F /* Pods-CocoaPodsApp-CocoaPodsAppUITests.debug.xcconfig */ = {isa = PBXFileReference; includeInIndex = 1; lastKnownFileType = text.xcconfig; name = "Pods-CocoaPodsApp-CocoaPodsAppUITests.debug.xcconfig"; path = "Target Support Files/Pods-CocoaPodsApp-CocoaPodsAppUITests/Pods-CocoaPodsApp-CocoaPodsAppUITests.debug.xcconfig"; sourceTree = "<group>"; };
		35A0243127C2BDDC0088D452 /* CocoaPodsApp.app */ = {isa = PBXFileReference; explicitFileType = wrapper.application; includeInIndex = 0; path = CocoaPodsApp.app; sourceTree = BUILT_PRODUCTS_DIR; };
		35A0243427C2BDDC0088D452 /* AppDelegate.swift */ = {isa = PBXFileReference; lastKnownFileType = sourcecode.swift; path = AppDelegate.swift; sourceTree = "<group>"; };
		35A0243627C2BDDC0088D452 /* SceneDelegate.swift */ = {isa = PBXFileReference; lastKnownFileType = sourcecode.swift; path = SceneDelegate.swift; sourceTree = "<group>"; };
		35A0243827C2BDDC0088D452 /* ViewController.swift */ = {isa = PBXFileReference; lastKnownFileType = sourcecode.swift; path = ViewController.swift; sourceTree = "<group>"; };
		35A0243B27C2BDDC0088D452 /* Base */ = {isa = PBXFileReference; lastKnownFileType = file.storyboard; name = Base; path = Base.lproj/Main.storyboard; sourceTree = "<group>"; };
		35A0243D27C2BDDE0088D452 /* Assets.xcassets */ = {isa = PBXFileReference; lastKnownFileType = folder.assetcatalog; path = Assets.xcassets; sourceTree = "<group>"; };
		35A0244027C2BDDE0088D452 /* Base */ = {isa = PBXFileReference; lastKnownFileType = file.storyboard; name = Base; path = Base.lproj/LaunchScreen.storyboard; sourceTree = "<group>"; };
		35A0244227C2BDDE0088D452 /* Info.plist */ = {isa = PBXFileReference; lastKnownFileType = text.plist.xml; path = Info.plist; sourceTree = "<group>"; };
		35A0244727C2BDDE0088D452 /* CocoaPodsAppTests.xctest */ = {isa = PBXFileReference; explicitFileType = wrapper.cfbundle; includeInIndex = 0; path = CocoaPodsAppTests.xctest; sourceTree = BUILT_PRODUCTS_DIR; };
		35A0244B27C2BDDE0088D452 /* CocoaPodsAppTests.swift */ = {isa = PBXFileReference; lastKnownFileType = sourcecode.swift; path = CocoaPodsAppTests.swift; sourceTree = "<group>"; };
		35A0245127C2BDDE0088D452 /* CocoaPodsAppUITests.xctest */ = {isa = PBXFileReference; explicitFileType = wrapper.cfbundle; includeInIndex = 0; path = CocoaPodsAppUITests.xctest; sourceTree = BUILT_PRODUCTS_DIR; };
		35A0245527C2BDDE0088D452 /* CocoaPodsAppUITests.swift */ = {isa = PBXFileReference; lastKnownFileType = sourcecode.swift; path = CocoaPodsAppUITests.swift; sourceTree = "<group>"; };
		35A0245727C2BDDE0088D452 /* CocoaPodsAppUITestsLaunchTests.swift */ = {isa = PBXFileReference; lastKnownFileType = sourcecode.swift; path = CocoaPodsAppUITestsLaunchTests.swift; sourceTree = "<group>"; };
		3A250341CF97D2844FABC69D /* Pods_CocoaPodsAppTests.framework */ = {isa = PBXFileReference; explicitFileType = wrapper.framework; includeInIndex = 0; path = Pods_CocoaPodsAppTests.framework; sourceTree = BUILT_PRODUCTS_DIR; };
		729178361DBB8DC0A928937D /* Pods-CocoaPodsApp.debug.xcconfig */ = {isa = PBXFileReference; includeInIndex = 1; lastKnownFileType = text.xcconfig; name = "Pods-CocoaPodsApp.debug.xcconfig"; path = "Target Support Files/Pods-CocoaPodsApp/Pods-CocoaPodsApp.debug.xcconfig"; sourceTree = "<group>"; };
		9238D5DD0064A3D1303FB513 /* Pods-CocoaPodsApp-CocoaPodsAppUITests.release.xcconfig */ = {isa = PBXFileReference; includeInIndex = 1; lastKnownFileType = text.xcconfig; name = "Pods-CocoaPodsApp-CocoaPodsAppUITests.release.xcconfig"; path = "Target Support Files/Pods-CocoaPodsApp-CocoaPodsAppUITests/Pods-CocoaPodsApp-CocoaPodsAppUITests.release.xcconfig"; sourceTree = "<group>"; };
		96F11070012510F910E08333 /* Pods_CocoaPodsApp_CocoaPodsAppUITests.framework */ = {isa = PBXFileReference; explicitFileType = wrapper.framework; includeInIndex = 0; path = Pods_CocoaPodsApp_CocoaPodsAppUITests.framework; sourceTree = BUILT_PRODUCTS_DIR; };
		A3C20C445905A628219A9B2C /* Pods-CocoaPodsAppTests.release.xcconfig */ = {isa = PBXFileReference; includeInIndex = 1; lastKnownFileType = text.xcconfig; name = "Pods-CocoaPodsAppTests.release.xcconfig"; path = "Target Support Files/Pods-CocoaPodsAppTests/Pods-CocoaPodsAppTests.release.xcconfig"; sourceTree = "<group>"; };
		A70266286E3FDF6DE5B08572 /* Pods_CocoaPodsApp.framework */ = {isa = PBXFileReference; explicitFileType = wrapper.framework; includeInIndex = 0; path = Pods_CocoaPodsApp.framework; sourceTree = BUILT_PRODUCTS_DIR; };
		B27B7E2675F80CA204177F59 /* Pods-CocoaPodsAppTests.debug.xcconfig */ = {isa = PBXFileReference; includeInIndex = 1; lastKnownFileType = text.xcconfig; name = "Pods-CocoaPodsAppTests.debug.xcconfig"; path = "Target Support Files/Pods-CocoaPodsAppTests/Pods-CocoaPodsAppTests.debug.xcconfig"; sourceTree = "<group>"; };
		BADFE8182023F38DA0D46620 /* Pods-CocoaPodsApp.release.xcconfig */ = {isa = PBXFileReference; includeInIndex = 1; lastKnownFileType = text.xcconfig; name = "Pods-CocoaPodsApp.release.xcconfig"; path = "Target Support Files/Pods-CocoaPodsApp/Pods-CocoaPodsApp.release.xcconfig"; sourceTree = "<group>"; };
/* End PBXFileReference section */

/* Begin PBXFrameworksBuildPhase section */
		35A0242E27C2BDDC0088D452 /* Frameworks */ = {
			isa = PBXFrameworksBuildPhase;
			buildActionMask = 2147483647;
			files = (
				BCA039DD3E90A92B2895A4B0 /* Pods_CocoaPodsApp.framework in Frameworks */,
			);
			runOnlyForDeploymentPostprocessing = 0;
		};
		35A0244427C2BDDE0088D452 /* Frameworks */ = {
			isa = PBXFrameworksBuildPhase;
			buildActionMask = 2147483647;
			files = (
				32A2320BA5B27E4669F8DCD8 /* Pods_CocoaPodsAppTests.framework in Frameworks */,
			);
			runOnlyForDeploymentPostprocessing = 0;
		};
		35A0244E27C2BDDE0088D452 /* Frameworks */ = {
			isa = PBXFrameworksBuildPhase;
			buildActionMask = 2147483647;
			files = (
				5AF360494ECAFCE3B887697D /* Pods_CocoaPodsApp_CocoaPodsAppUITests.framework in Frameworks */,
			);
			runOnlyForDeploymentPostprocessing = 0;
		};
/* End PBXFrameworksBuildPhase section */

/* Begin PBXGroup section */
		35A0242827C2BDDC0088D452 = {
			isa = PBXGroup;
			children = (
				35A0243327C2BDDC0088D452 /* CocoaPodsApp */,
				35A0244A27C2BDDE0088D452 /* CocoaPodsAppTests */,
				35A0245427C2BDDE0088D452 /* CocoaPodsAppUITests */,
				35A0243227C2BDDC0088D452 /* Products */,
				63A935E53FF6B0C59352173D /* Pods */,
				84E50A6CCA599EA554D9965F /* Frameworks */,
			);
			sourceTree = "<group>";
		};
		35A0243227C2BDDC0088D452 /* Products */ = {
			isa = PBXGroup;
			children = (
				35A0243127C2BDDC0088D452 /* CocoaPodsApp.app */,
				35A0244727C2BDDE0088D452 /* CocoaPodsAppTests.xctest */,
				35A0245127C2BDDE0088D452 /* CocoaPodsAppUITests.xctest */,
			);
			name = Products;
			sourceTree = "<group>";
		};
		35A0243327C2BDDC0088D452 /* CocoaPodsApp */ = {
			isa = PBXGroup;
			children = (
				35A0243427C2BDDC0088D452 /* AppDelegate.swift */,
				35A0243627C2BDDC0088D452 /* SceneDelegate.swift */,
				35A0243827C2BDDC0088D452 /* ViewController.swift */,
				35A0243A27C2BDDC0088D452 /* Main.storyboard */,
				35A0243D27C2BDDE0088D452 /* Assets.xcassets */,
				35A0243F27C2BDDE0088D452 /* LaunchScreen.storyboard */,
				35A0244227C2BDDE0088D452 /* Info.plist */,
			);
			path = CocoaPodsApp;
			sourceTree = "<group>";
		};
		35A0244A27C2BDDE0088D452 /* CocoaPodsAppTests */ = {
			isa = PBXGroup;
			children = (
				35A0244B27C2BDDE0088D452 /* CocoaPodsAppTests.swift */,
			);
			path = CocoaPodsAppTests;
			sourceTree = "<group>";
		};
		35A0245427C2BDDE0088D452 /* CocoaPodsAppUITests */ = {
			isa = PBXGroup;
			children = (
				35A0245527C2BDDE0088D452 /* CocoaPodsAppUITests.swift */,
				35A0245727C2BDDE0088D452 /* CocoaPodsAppUITestsLaunchTests.swift */,
			);
			path = CocoaPodsAppUITests;
			sourceTree = "<group>";
		};
		63A935E53FF6B0C59352173D /* Pods */ = {
			isa = PBXGroup;
			children = (
				729178361DBB8DC0A928937D /* Pods-CocoaPodsApp.debug.xcconfig */,
				BADFE8182023F38DA0D46620 /* Pods-CocoaPodsApp.release.xcconfig */,
				2F8B92A25A5D86B735BACC8F /* Pods-CocoaPodsApp-CocoaPodsAppUITests.debug.xcconfig */,
				9238D5DD0064A3D1303FB513 /* Pods-CocoaPodsApp-CocoaPodsAppUITests.release.xcconfig */,
				B27B7E2675F80CA204177F59 /* Pods-CocoaPodsAppTests.debug.xcconfig */,
				A3C20C445905A628219A9B2C /* Pods-CocoaPodsAppTests.release.xcconfig */,
			);
			name = Pods;
			path = Pods;
			sourceTree = "<group>";
		};
		84E50A6CCA599EA554D9965F /* Frameworks */ = {
			isa = PBXGroup;
			children = (
				A70266286E3FDF6DE5B08572 /* Pods_CocoaPodsApp.framework */,
				96F11070012510F910E08333 /* Pods_CocoaPodsApp_CocoaPodsAppUITests.framework */,
				3A250341CF97D2844FABC69D /* Pods_CocoaPodsAppTests.framework */,
			);
			name = Frameworks;
			sourceTree = "<group>";
		};
/* End PBXGroup section */

/* Begin PBXNativeTarget section */
		35A0243027C2BDDC0088D452 /* CocoaPodsApp */ = {
			isa = PBXNativeTarget;
			buildConfigurationList = 35A0245B27C2BDDE0088D452 /* Build configuration list for PBXNativeTarget "CocoaPodsApp" */;
			buildPhases = (
				F64E4CDAC6210E04803DF84E /* [CP] Check Pods Manifest.lock */,
				35A0242D27C2BDDC0088D452 /* Sources */,
				35A0242E27C2BDDC0088D452 /* Frameworks */,
				35A0242F27C2BDDC0088D452 /* Resources */,
				B4473533BA7001AE7DFF275D /* [CP] Embed Pods Frameworks */,
			);
			buildRules = (
			);
			dependencies = (
			);
			name = CocoaPodsApp;
			productName = CocoaPodsApp;
			productReference = 35A0243127C2BDDC0088D452 /* CocoaPodsApp.app */;
			productType = "com.apple.product-type.application";
		};
		35A0244627C2BDDE0088D452 /* CocoaPodsAppTests */ = {
			isa = PBXNativeTarget;
			buildConfigurationList = 35A0245E27C2BDDE0088D452 /* Build configuration list for PBXNativeTarget "CocoaPodsAppTests" */;
			buildPhases = (
				EAED7EA2A1496F299EEAF22E /* [CP] Check Pods Manifest.lock */,
				35A0244327C2BDDE0088D452 /* Sources */,
				35A0244427C2BDDE0088D452 /* Frameworks */,
				35A0244527C2BDDE0088D452 /* Resources */,
			);
			buildRules = (
			);
			dependencies = (
				35A0244927C2BDDE0088D452 /* PBXTargetDependency */,
			);
			name = CocoaPodsAppTests;
			productName = CocoaPodsAppTests;
			productReference = 35A0244727C2BDDE0088D452 /* CocoaPodsAppTests.xctest */;
			productType = "com.apple.product-type.bundle.unit-test";
		};
		35A0245027C2BDDE0088D452 /* CocoaPodsAppUITests */ = {
			isa = PBXNativeTarget;
			buildConfigurationList = 35A0246127C2BDDE0088D452 /* Build configuration list for PBXNativeTarget "CocoaPodsAppUITests" */;
			buildPhases = (
				78478874C27C80CD35691484 /* [CP] Check Pods Manifest.lock */,
				35A0244D27C2BDDE0088D452 /* Sources */,
				35A0244E27C2BDDE0088D452 /* Frameworks */,
				35A0244F27C2BDDE0088D452 /* Resources */,
				0C85CF3ADE0177085C43C945 /* [CP] Embed Pods Frameworks */,
			);
			buildRules = (
			);
			dependencies = (
				35A0245327C2BDDE0088D452 /* PBXTargetDependency */,
			);
			name = CocoaPodsAppUITests;
			productName = CocoaPodsAppUITests;
			productReference = 35A0245127C2BDDE0088D452 /* CocoaPodsAppUITests.xctest */;
			productType = "com.apple.product-type.bundle.ui-testing";
		};
/* End PBXNativeTarget section */

/* Begin PBXProject section */
		35A0242927C2BDDC0088D452 /* Project object */ = {
			isa = PBXProject;
			attributes = {
				BuildIndependentTargetsInParallel = 1;
				LastSwiftUpdateCheck = 1320;
				LastUpgradeCheck = 1320;
				TargetAttributes = {
					35A0243027C2BDDC0088D452 = {
						CreatedOnToolsVersion = 13.2.1;
					};
					35A0244627C2BDDE0088D452 = {
						CreatedOnToolsVersion = 13.2.1;
						TestTargetID = 35A0243027C2BDDC0088D452;
					};
					35A0245027C2BDDE0088D452 = {
						CreatedOnToolsVersion = 13.2.1;
						TestTargetID = 35A0243027C2BDDC0088D452;
					};
				};
			};
			buildConfigurationList = 35A0242C27C2BDDC0088D452 /* Build configuration list for PBXProject "CocoaPodsApp" */;
			compatibilityVersion = "Xcode 13.0";
			developmentRegion = en;
			hasScannedForEncodings = 0;
			knownRegions = (
				en,
				Base,
			);
			mainGroup = 35A0242827C2BDDC0088D452;
			productRefGroup = 35A0243227C2BDDC0088D452 /* Products */;
			projectDirPath = "";
			projectRoot = "";
			targets = (
				35A0243027C2BDDC0088D452 /* CocoaPodsApp */,
				35A0244627C2BDDE0088D452 /* CocoaPodsAppTests */,
				35A0245027C2BDDE0088D452 /* CocoaPodsAppUITests */,
			);
		};
/* End PBXProject section */

/* Begin PBXResourcesBuildPhase section */
		35A0242F27C2BDDC0088D452 /* Resources */ = {
			isa = PBXResourcesBuildPhase;
			buildActionMask = 2147483647;
			files = (
				35A0244127C2BDDE0088D452 /* LaunchScreen.storyboard in Resources */,
				35A0243E27C2BDDE0088D452 /* Assets.xcassets in Resources */,
				35A0243C27C2BDDC0088D452 /* Main.storyboard in Resources */,
			);
			runOnlyForDeploymentPostprocessing = 0;
		};
		35A0244527C2BDDE0088D452 /* Resources */ = {
			isa = PBXResourcesBuildPhase;
			buildActionMask = 2147483647;
			files = (
			);
			runOnlyForDeploymentPostprocessing = 0;
		};
		35A0244F27C2BDDE0088D452 /* Resources */ = {
			isa = PBXResourcesBuildPhase;
			buildActionMask = 2147483647;
			files = (
			);
			runOnlyForDeploymentPostprocessing = 0;
		};
/* End PBXResourcesBuildPhase section */

/* Begin PBXShellScriptBuildPhase section */
		0C85CF3ADE0177085C43C945 /* [CP] Embed Pods Frameworks */ = {
			isa = PBXShellScriptBuildPhase;
			buildActionMask = 2147483647;
			files = (
			);
			inputFileListPaths = (
				"${PODS_ROOT}/Target Support Files/Pods-CocoaPodsApp-CocoaPodsAppUITests/Pods-CocoaPodsApp-CocoaPodsAppUITests-frameworks-${CONFIGURATION}-input-files.xcfilelist",
			);
			name = "[CP] Embed Pods Frameworks";
			outputFileListPaths = (
				"${PODS_ROOT}/Target Support Files/Pods-CocoaPodsApp-CocoaPodsAppUITests/Pods-CocoaPodsApp-CocoaPodsAppUITests-frameworks-${CONFIGURATION}-output-files.xcfilelist",
			);
			runOnlyForDeploymentPostprocessing = 0;
			shellPath = /bin/sh;
			shellScript = "\"${PODS_ROOT}/Target Support Files/Pods-CocoaPodsApp-CocoaPodsAppUITests/Pods-CocoaPodsApp-CocoaPodsAppUITests-frameworks.sh\"\n";
			showEnvVarsInLog = 0;
		};
		78478874C27C80CD35691484 /* [CP] Check Pods Manifest.lock */ = {
			isa = PBXShellScriptBuildPhase;
			buildActionMask = 2147483647;
			files = (
			);
			inputFileListPaths = (
			);
			inputPaths = (
				"${PODS_PODFILE_DIR_PATH}/Podfile.lock",
				"${PODS_ROOT}/Manifest.lock",
			);
			name = "[CP] Check Pods Manifest.lock";
			outputFileListPaths = (
			);
			outputPaths = (
				"$(DERIVED_FILE_DIR)/Pods-CocoaPodsApp-CocoaPodsAppUITests-checkManifestLockResult.txt",
			);
			runOnlyForDeploymentPostprocessing = 0;
			shellPath = /bin/sh;
			shellScript = "diff \"${PODS_PODFILE_DIR_PATH}/Podfile.lock\" \"${PODS_ROOT}/Manifest.lock\" > /dev/null\nif [ $? != 0 ] ; then\n    # print error to STDERR\n    echo \"error: The sandbox is not in sync with the Podfile.lock. Run 'pod install' or update your CocoaPods installation.\" >&2\n    exit 1\nfi\n# This output is used by Xcode 'outputs' to avoid re-running this script phase.\necho \"SUCCESS\" > \"${SCRIPT_OUTPUT_FILE_0}\"\n";
			showEnvVarsInLog = 0;
		};
		B4473533BA7001AE7DFF275D /* [CP] Embed Pods Frameworks */ = {
			isa = PBXShellScriptBuildPhase;
			buildActionMask = 2147483647;
			files = (
			);
			inputFileListPaths = (
				"${PODS_ROOT}/Target Support Files/Pods-CocoaPodsApp/Pods-CocoaPodsApp-frameworks-${CONFIGURATION}-input-files.xcfilelist",
			);
			name = "[CP] Embed Pods Frameworks";
			outputFileListPaths = (
				"${PODS_ROOT}/Target Support Files/Pods-CocoaPodsApp/Pods-CocoaPodsApp-frameworks-${CONFIGURATION}-output-files.xcfilelist",
			);
			runOnlyForDeploymentPostprocessing = 0;
			shellPath = /bin/sh;
			shellScript = "\"${PODS_ROOT}/Target Support Files/Pods-CocoaPodsApp/Pods-CocoaPodsApp-frameworks.sh\"\n";
			showEnvVarsInLog = 0;
		};
		EAED7EA2A1496F299EEAF22E /* [CP] Check Pods Manifest.lock */ = {
			isa = PBXShellScriptBuildPhase;
			buildActionMask = 2147483647;
			files = (
			);
			inputFileListPaths = (
			);
			inputPaths = (
				"${PODS_PODFILE_DIR_PATH}/Podfile.lock",
				"${PODS_ROOT}/Manifest.lock",
			);
			name = "[CP] Check Pods Manifest.lock";
			outputFileListPaths = (
			);
			outputPaths = (
				"$(DERIVED_FILE_DIR)/Pods-CocoaPodsAppTests-checkManifestLockResult.txt",
			);
			runOnlyForDeploymentPostprocessing = 0;
			shellPath = /bin/sh;
			shellScript = "diff \"${PODS_PODFILE_DIR_PATH}/Podfile.lock\" \"${PODS_ROOT}/Manifest.lock\" > /dev/null\nif [ $? != 0 ] ; then\n    # print error to STDERR\n    echo \"error: The sandbox is not in sync with the Podfile.lock. Run 'pod install' or update your CocoaPods installation.\" >&2\n    exit 1\nfi\n# This output is used by Xcode 'outputs' to avoid re-running this script phase.\necho \"SUCCESS\" > \"${SCRIPT_OUTPUT_FILE_0}\"\n";
			showEnvVarsInLog = 0;
		};
		F64E4CDAC6210E04803DF84E /* [CP] Check Pods Manifest.lock */ = {
			isa = PBXShellScriptBuildPhase;
			buildActionMask = 2147483647;
			files = (
			);
			inputFileListPaths = (
			);
			inputPaths = (
				"${PODS_PODFILE_DIR_PATH}/Podfile.lock",
				"${PODS_ROOT}/Manifest.lock",
			);
			name = "[CP] Check Pods Manifest.lock";
			outputFileListPaths = (
			);
			outputPaths = (
				"$(DERIVED_FILE_DIR)/Pods-CocoaPodsApp-checkManifestLockResult.txt",
			);
			runOnlyForDeploymentPostprocessing = 0;
			shellPath = /bin/sh;
			shellScript = "diff \"${PODS_PODFILE_DIR_PATH}/Podfile.lock\" \"${PODS_ROOT}/Manifest.lock\" > /dev/null\nif [ $? != 0 ] ; then\n    # print error to STDERR\n    echo \"error: The sandbox is not in sync with the Podfile.lock. Run 'pod install' or update your CocoaPods installation.\" >&2\n    exit 1\nfi\n# This output is used by Xcode 'outputs' to avoid re-running this script phase.\necho \"SUCCESS\" > \"${SCRIPT_OUTPUT_FILE_0}\"\n";
			showEnvVarsInLog = 0;
		};
/* End PBXShellScriptBuildPhase section */

/* Begin PBXSourcesBuildPhase section */
		35A0242D27C2BDDC0088D452 /* Sources */ = {
			isa = PBXSourcesBuildPhase;
			buildActionMask = 2147483647;
			files = (
				35A0243927C2BDDC0088D452 /* ViewController.swift in Sources */,
				35A0243527C2BDDC0088D452 /* AppDelegate.swift in Sources */,
				35A0243727C2BDDC0088D452 /* SceneDelegate.swift in Sources */,
			);
			runOnlyForDeploymentPostprocessing = 0;
		};
		35A0244327C2BDDE0088D452 /* Sources */ = {
			isa = PBXSourcesBuildPhase;
			buildActionMask = 2147483647;
			files = (
				35A0244C27C2BDDE0088D452 /* CocoaPodsAppTests.swift in Sources */,
			);
			runOnlyForDeploymentPostprocessing = 0;
		};
		35A0244D27C2BDDE0088D452 /* Sources */ = {
			isa = PBXSourcesBuildPhase;
			buildActionMask = 2147483647;
			files = (
				35A0245827C2BDDE0088D452 /* CocoaPodsAppUITestsLaunchTests.swift in Sources */,
				35A0245627C2BDDE0088D452 /* CocoaPodsAppUITests.swift in Sources */,
			);
			runOnlyForDeploymentPostprocessing = 0;
		};
/* End PBXSourcesBuildPhase section */

/* Begin PBXTargetDependency section */
		35A0244927C2BDDE0088D452 /* PBXTargetDependency */ = {
			isa = PBXTargetDependency;
			target = 35A0243027C2BDDC0088D452 /* CocoaPodsApp */;
			targetProxy = 35A0244827C2BDDE0088D452 /* PBXContainerItemProxy */;
		};
		35A0245327C2BDDE0088D452 /* PBXTargetDependency */ = {
			isa = PBXTargetDependency;
			target = 35A0243027C2BDDC0088D452 /* CocoaPodsApp */;
			targetProxy = 35A0245227C2BDDE0088D452 /* PBXContainerItemProxy */;
		};
/* End PBXTargetDependency section */

/* Begin PBXVariantGroup section */
		35A0243A27C2BDDC0088D452 /* Main.storyboard */ = {
			isa = PBXVariantGroup;
			children = (
				35A0243B27C2BDDC0088D452 /* Base */,
			);
			name = Main.storyboard;
			sourceTree = "<group>";
		};
		35A0243F27C2BDDE0088D452 /* LaunchScreen.storyboard */ = {
			isa = PBXVariantGroup;
			children = (
				35A0244027C2BDDE0088D452 /* Base */,
			);
			name = LaunchScreen.storyboard;
			sourceTree = "<group>";
		};
/* End PBXVariantGroup section */

/* Begin XCBuildConfiguration section */
		35A0245927C2BDDE0088D452 /* Debug */ = {
			isa = XCBuildConfiguration;
			buildSettings = {
				ALWAYS_SEARCH_USER_PATHS = NO;
				CLANG_ANALYZER_NONNULL = YES;
				CLANG_ANALYZER_NUMBER_OBJECT_CONVERSION = YES_AGGRESSIVE;
				CLANG_CXX_LANGUAGE_STANDARD = "gnu++17";
				CLANG_CXX_LIBRARY = "libc++";
				CLANG_ENABLE_MODULES = YES;
				CLANG_ENABLE_OBJC_ARC = YES;
				CLANG_ENABLE_OBJC_WEAK = YES;
				CLANG_WARN_BLOCK_CAPTURE_AUTORELEASING = YES;
				CLANG_WARN_BOOL_CONVERSION = YES;
				CLANG_WARN_COMMA = YES;
				CLANG_WARN_CONSTANT_CONVERSION = YES;
				CLANG_WARN_DEPRECATED_OBJC_IMPLEMENTATIONS = YES;
				CLANG_WARN_DIRECT_OBJC_ISA_USAGE = YES_ERROR;
				CLANG_WARN_DOCUMENTATION_COMMENTS = YES;
				CLANG_WARN_EMPTY_BODY = YES;
				CLANG_WARN_ENUM_CONVERSION = YES;
				CLANG_WARN_INFINITE_RECURSION = YES;
				CLANG_WARN_INT_CONVERSION = YES;
				CLANG_WARN_NON_LITERAL_NULL_CONVERSION = YES;
				CLANG_WARN_OBJC_IMPLICIT_RETAIN_SELF = YES;
				CLANG_WARN_OBJC_LITERAL_CONVERSION = YES;
				CLANG_WARN_OBJC_ROOT_CLASS = YES_ERROR;
				CLANG_WARN_QUOTED_INCLUDE_IN_FRAMEWORK_HEADER = YES;
				CLANG_WARN_RANGE_LOOP_ANALYSIS = YES;
				CLANG_WARN_STRICT_PROTOTYPES = YES;
				CLANG_WARN_SUSPICIOUS_MOVE = YES;
				CLANG_WARN_UNGUARDED_AVAILABILITY = YES_AGGRESSIVE;
				CLANG_WARN_UNREACHABLE_CODE = YES;
				CLANG_WARN__DUPLICATE_METHOD_MATCH = YES;
				COPY_PHASE_STRIP = NO;
				DEBUG_INFORMATION_FORMAT = dwarf;
				ENABLE_STRICT_OBJC_MSGSEND = YES;
				ENABLE_TESTABILITY = YES;
				GCC_C_LANGUAGE_STANDARD = gnu11;
				GCC_DYNAMIC_NO_PIC = NO;
				GCC_NO_COMMON_BLOCKS = YES;
				GCC_OPTIMIZATION_LEVEL = 0;
				GCC_PREPROCESSOR_DEFINITIONS = (
					"DEBUG=1",
					"$(inherited)",
				);
				GCC_WARN_64_TO_32_BIT_CONVERSION = YES;
				GCC_WARN_ABOUT_RETURN_TYPE = YES_ERROR;
				GCC_WARN_UNDECLARED_SELECTOR = YES;
				GCC_WARN_UNINITIALIZED_AUTOS = YES_AGGRESSIVE;
				GCC_WARN_UNUSED_FUNCTION = YES;
				GCC_WARN_UNUSED_VARIABLE = YES;
				IPHONEOS_DEPLOYMENT_TARGET = 15.2;
				MTL_ENABLE_DEBUG_INFO = INCLUDE_SOURCE;
				MTL_FAST_MATH = YES;
				ONLY_ACTIVE_ARCH = YES;
				SDKROOT = iphoneos;
				SWIFT_ACTIVE_COMPILATION_CONDITIONS = DEBUG;
				SWIFT_OPTIMIZATION_LEVEL = "-Onone";
			};
			name = Debug;
		};
		35A0245A27C2BDDE0088D452 /* Release */ = {
			isa = XCBuildConfiguration;
			buildSettings = {
				ALWAYS_SEARCH_USER_PATHS = NO;
				CLANG_ANALYZER_NONNULL = YES;
				CLANG_ANALYZER_NUMBER_OBJECT_CONVERSION = YES_AGGRESSIVE;
				CLANG_CXX_LANGUAGE_STANDARD = "gnu++17";
				CLANG_CXX_LIBRARY = "libc++";
				CLANG_ENABLE_MODULES = YES;
				CLANG_ENABLE_OBJC_ARC = YES;
				CLANG_ENABLE_OBJC_WEAK = YES;
				CLANG_WARN_BLOCK_CAPTURE_AUTORELEASING = YES;
				CLANG_WARN_BOOL_CONVERSION = YES;
				CLANG_WARN_COMMA = YES;
				CLANG_WARN_CONSTANT_CONVERSION = YES;
				CLANG_WARN_DEPRECATED_OBJC_IMPLEMENTATIONS = YES;
				CLANG_WARN_DIRECT_OBJC_ISA_USAGE = YES_ERROR;
				CLANG_WARN_DOCUMENTATION_COMMENTS = YES;
				CLANG_WARN_EMPTY_BODY = YES;
				CLANG_WARN_ENUM_CONVERSION = YES;
				CLANG_WARN_INFINITE_RECURSION = YES;
				CLANG_WARN_INT_CONVERSION = YES;
				CLANG_WARN_NON_LITERAL_NULL_CONVERSION = YES;
				CLANG_WARN_OBJC_IMPLICIT_RETAIN_SELF = YES;
				CLANG_WARN_OBJC_LITERAL_CONVERSION = YES;
				CLANG_WARN_OBJC_ROOT_CLASS = YES_ERROR;
				CLANG_WARN_QUOTED_INCLUDE_IN_FRAMEWORK_HEADER = YES;
				CLANG_WARN_RANGE_LOOP_ANALYSIS = YES;
				CLANG_WARN_STRICT_PROTOTYPES = YES;
				CLANG_WARN_SUSPICIOUS_MOVE = YES;
				CLANG_WARN_UNGUARDED_AVAILABILITY = YES_AGGRESSIVE;
				CLANG_WARN_UNREACHABLE_CODE = YES;
				CLANG_WARN__DUPLICATE_METHOD_MATCH = YES;
				COPY_PHASE_STRIP = NO;
				DEBUG_INFORMATION_FORMAT = "dwarf-with-dsym";
				ENABLE_NS_ASSERTIONS = NO;
				ENABLE_STRICT_OBJC_MSGSEND = YES;
				GCC_C_LANGUAGE_STANDARD = gnu11;
				GCC_NO_COMMON_BLOCKS = YES;
				GCC_WARN_64_TO_32_BIT_CONVERSION = YES;
				GCC_WARN_ABOUT_RETURN_TYPE = YES_ERROR;
				GCC_WARN_UNDECLARED_SELECTOR = YES;
				GCC_WARN_UNINITIALIZED_AUTOS = YES_AGGRESSIVE;
				GCC_WARN_UNUSED_FUNCTION = YES;
				GCC_WARN_UNUSED_VARIABLE = YES;
				IPHONEOS_DEPLOYMENT_TARGET = 15.2;
				MTL_ENABLE_DEBUG_INFO = NO;
				MTL_FAST_MATH = YES;
				SDKROOT = iphoneos;
				SWIFT_COMPILATION_MODE = wholemodule;
				SWIFT_OPTIMIZATION_LEVEL = "-O";
				VALIDATE_PRODUCT = YES;
			};
			name = Release;
		};
		35A0245C27C2BDDE0088D452 /* Debug */ = {
			isa = XCBuildConfiguration;
			baseConfigurationReference = 729178361DBB8DC0A928937D /* Pods-CocoaPodsApp.debug.xcconfig */;
			buildSettings = {
				ASSETCATALOG_COMPILER_APPICON_NAME = AppIcon;
				ASSETCATALOG_COMPILER_GLOBAL_ACCENT_COLOR_NAME = AccentColor;
				CODE_SIGN_STYLE = Automatic;
				CURRENT_PROJECT_VERSION = 1;
				GENERATE_INFOPLIST_FILE = YES;
				INFOPLIST_FILE = CocoaPodsApp/Info.plist;
				INFOPLIST_KEY_UIApplicationSupportsIndirectInputEvents = YES;
				INFOPLIST_KEY_UILaunchStoryboardName = LaunchScreen;
				INFOPLIST_KEY_UIMainStoryboardFile = Main;
				INFOPLIST_KEY_UISupportedInterfaceOrientations_iPad = "UIInterfaceOrientationPortrait UIInterfaceOrientationPortraitUpsideDown UIInterfaceOrientationLandscapeLeft UIInterfaceOrientationLandscapeRight";
				INFOPLIST_KEY_UISupportedInterfaceOrientations_iPhone = "UIInterfaceOrientationPortrait UIInterfaceOrientationLandscapeLeft UIInterfaceOrientationLandscapeRight";
				LD_RUNPATH_SEARCH_PATHS = (
					"$(inherited)",
					"@executable_path/Frameworks",
				);
				MARKETING_VERSION = 1.0;
				PRODUCT_BUNDLE_IDENTIFIER = app.hori.tomo.CocoaPodsApp;
				PRODUCT_NAME = "$(TARGET_NAME)";
				SWIFT_EMIT_LOC_STRINGS = YES;
				SWIFT_VERSION = 5.0;
				TARGETED_DEVICE_FAMILY = "1,2";
			};
			name = Debug;
		};
		35A0245D27C2BDDE0088D452 /* Release */ = {
			isa = XCBuildConfiguration;
			baseConfigurationReference = BADFE8182023F38DA0D46620 /* Pods-CocoaPodsApp.release.xcconfig */;
			buildSettings = {
				ASSETCATALOG_COMPILER_APPICON_NAME = AppIcon;
				ASSETCATALOG_COMPILER_GLOBAL_ACCENT_COLOR_NAME = AccentColor;
				CODE_SIGN_STYLE = Automatic;
				CURRENT_PROJECT_VERSION = 1;
				GENERATE_INFOPLIST_FILE = YES;
				INFOPLIST_FILE = CocoaPodsApp/Info.plist;
				INFOPLIST_KEY_UIApplicationSupportsIndirectInputEvents = YES;
				INFOPLIST_KEY_UILaunchStoryboardName = LaunchScreen;
				INFOPLIST_KEY_UIMainStoryboardFile = Main;
				INFOPLIST_KEY_UISupportedInterfaceOrientations_iPad = "UIInterfaceOrientationPortrait UIInterfaceOrientationPortraitUpsideDown UIInterfaceOrientationLandscapeLeft UIInterfaceOrientationLandscapeRight";
				INFOPLIST_KEY_UISupportedInterfaceOrientations_iPhone = "UIInterfaceOrientationPortrait UIInterfaceOrientationLandscapeLeft UIInterfaceOrientationLandscapeRight";
				LD_RUNPATH_SEARCH_PATHS = (
					"$(inherited)",
					"@executable_path/Frameworks",
				);
				MARKETING_VERSION = 1.0;
				PRODUCT_BUNDLE_IDENTIFIER = app.hori.tomo.CocoaPodsApp;
				PRODUCT_NAME = "$(TARGET_NAME)";
				SWIFT_EMIT_LOC_STRINGS = YES;
				SWIFT_VERSION = 5.0;
				TARGETED_DEVICE_FAMILY = "1,2";
			};
			name = Release;
		};
		35A0245F27C2BDDE0088D452 /* Debug */ = {
			isa = XCBuildConfiguration;
			baseConfigurationReference = B27B7E2675F80CA204177F59 /* Pods-CocoaPodsAppTests.debug.xcconfig */;
			buildSettings = {
				ALWAYS_EMBED_SWIFT_STANDARD_LIBRARIES = YES;
				BUNDLE_LOADER = "$(TEST_HOST)";
				CODE_SIGN_STYLE = Automatic;
				CURRENT_PROJECT_VERSION = 1;
				GENERATE_INFOPLIST_FILE = YES;
				IPHONEOS_DEPLOYMENT_TARGET = 15.2;
				MARKETING_VERSION = 1.0;
				PRODUCT_BUNDLE_IDENTIFIER = app.hori.tomo.CocoaPodsAppTests;
				PRODUCT_NAME = "$(TARGET_NAME)";
				SWIFT_EMIT_LOC_STRINGS = NO;
				SWIFT_VERSION = 5.0;
				TARGETED_DEVICE_FAMILY = "1,2";
				TEST_HOST = "$(BUILT_PRODUCTS_DIR)/CocoaPodsApp.app/CocoaPodsApp";
			};
			name = Debug;
		};
		35A0246027C2BDDE0088D452 /* Release */ = {
			isa = XCBuildConfiguration;
			baseConfigurationReference = A3C20C445905A628219A9B2C /* Pods-CocoaPodsAppTests.release.xcconfig */;
			buildSettings = {
				ALWAYS_EMBED_SWIFT_STANDARD_LIBRARIES = YES;
				BUNDLE_LOADER = "$(TEST_HOST)";
				CODE_SIGN_STYLE = Automatic;
				CURRENT_PROJECT_VERSION = 1;
				GENERATE_INFOPLIST_FILE = YES;
				IPHONEOS_DEPLOYMENT_TARGET = 15.2;
				MARKETING_VERSION = 1.0;
				PRODUCT_BUNDLE_IDENTIFIER = app.hori.tomo.CocoaPodsAppTests;
				PRODUCT_NAME = "$(TARGET_NAME)";
				SWIFT_EMIT_LOC_STRINGS = NO;
				SWIFT_VERSION = 5.0;
				TARGETED_DEVICE_FAMILY = "1,2";
				TEST_HOST = "$(BUILT_PRODUCTS_DIR)/CocoaPodsApp.app/CocoaPodsApp";
			};
			name = Release;
		};
		35A0246227C2BDDE0088D452 /* Debug */ = {
			isa = XCBuildConfiguration;
			baseConfigurationReference = 2F8B92A25A5D86B735BACC8F /* Pods-CocoaPodsApp-CocoaPodsAppUITests.debug.xcconfig */;
			buildSettings = {
				ALWAYS_EMBED_SWIFT_STANDARD_LIBRARIES = YES;
				CODE_SIGN_STYLE = Automatic;
				CURRENT_PROJECT_VERSION = 1;
				GENERATE_INFOPLIST_FILE = YES;
				MARKETING_VERSION = 1.0;
				PRODUCT_BUNDLE_IDENTIFIER = app.hori.tomo.CocoaPodsAppUITests;
				PRODUCT_NAME = "$(TARGET_NAME)";
				SWIFT_EMIT_LOC_STRINGS = NO;
				SWIFT_VERSION = 5.0;
				TARGETED_DEVICE_FAMILY = "1,2";
				TEST_TARGET_NAME = CocoaPodsApp;
			};
			name = Debug;
		};
		35A0246327C2BDDE0088D452 /* Release */ = {
			isa = XCBuildConfiguration;
			baseConfigurationReference = 9238D5DD0064A3D1303FB513 /* Pods-CocoaPodsApp-CocoaPodsAppUITests.release.xcconfig */;
			buildSettings = {
				ALWAYS_EMBED_SWIFT_STANDARD_LIBRARIES = YES;
				CODE_SIGN_STYLE = Automatic;
				CURRENT_PROJECT_VERSION = 1;
				GENERATE_INFOPLIST_FILE = YES;
				MARKETING_VERSION = 1.0;
				PRODUCT_BUNDLE_IDENTIFIER = app.hori.tomo.CocoaPodsAppUITests;
				PRODUCT_NAME = "$(TARGET_NAME)";
				SWIFT_EMIT_LOC_STRINGS = NO;
				SWIFT_VERSION = 5.0;
				TARGETED_DEVICE_FAMILY = "1,2";
				TEST_TARGET_NAME = CocoaPodsApp;
			};
			name = Release;
		};
/* End XCBuildConfiguration section */

/* Begin XCConfigurationList section */
		35A0242C27C2BDDC0088D452 /* Build configuration list for PBXProject "CocoaPodsApp" */ = {
			isa = XCConfigurationList;
			buildConfigurations = (
				35A0245927C2BDDE0088D452 /* Debug */,
				35A0245A27C2BDDE0088D452 /* Release */,
			);
			defaultConfigurationIsVisible = 0;
			defaultConfigurationName = Release;
		};
		35A0245B27C2BDDE0088D452 /* Build configuration list for PBXNativeTarget "CocoaPodsApp" */ = {
			isa = XCConfigurationList;
			buildConfigurations = (
				35A0245C27C2BDDE0088D452 /* Debug */,
				35A0245D27C2BDDE0088D452 /* Release */,
			);
			defaultConfigurationIsVisible = 0;
			defaultConfigurationName = Release;
		};
		35A0245E27C2BDDE0088D452 /* Build configuration list for PBXNativeTarget "CocoaPodsAppTests" */ = {
			isa = XCConfigurationList;
			buildConfigurations = (
				35A0245F27C2BDDE0088D452 /* Debug */,
				35A0246027C2BDDE0088D452 /* Release */,
			);
			defaultConfigurationIsVisible = 0;
			defaultConfigurationName = Release;
		};
		35A0246127C2BDDE0088D452 /* Build configuration list for PBXNativeTarget "CocoaPodsAppUITests" */ = {
			isa = XCConfigurationList;
			buildConfigurations = (
				35A0246227C2BDDE0088D452 /* Debug */,
				35A0246327C2BDDE0088D452 /* Release */,
			);
			defaultConfigurationIsVisible = 0;
			defaultConfigurationName = Release;
		};
/* End XCConfigurationList section */
	};
	rootObject = 35A0242927C2BDDC0088D452 /* Project object */;
}
